// !$*UTF8*$!
{
	archiveVersion = 1;
	classes = {
	};
	objectVersion = 77;
	objects = {

/* Begin PBXBuildFile section */
		88276BB52FDC4C46003AA9DF /* NetworkKit in Frameworks */ = {isa = PBXBuildFile; productRef = 88276BB42FDC4C46003AA9DF /* NetworkKit */; };
		88276BB72FDC4C7D003AA9DF /* PersistenceKit in Frameworks */ = {isa = PBXBuildFile; productRef = 88276BB62FDC4C7D003AA9DF /* PersistenceKit */; };
		88276BB92FDC4C82003AA9DF /* CommonUI in Frameworks */ = {isa = PBXBuildFile; productRef = 88276BB82FDC4C82003AA9DF /* CommonUI */; };
		88276BBB2FDC4C87003AA9DF /* DomainKit in Frameworks */ = {isa = PBXBuildFile; productRef = 88276BBA2FDC4C87003AA9DF /* DomainKit */; };
		88276BBD2FDC4C8B003AA9DF /* ListingFeature in Frameworks */ = {isa = PBXBuildFile; productRef = 88276BBC2FDC4C8B003AA9DF /* ListingFeature */; };
		88276BBF2FDC4C8F003AA9DF /* DetailsFeature in Frameworks */ = {isa = PBXBuildFile; productRef = 88276BBE2FDC4C8F003AA9DF /* DetailsFeature */; };
/* End PBXBuildFile section */

/* Begin PBXContainerItemProxy section */
		882E3D262FDA101C00506904 /* PBXContainerItemProxy */ = {
			isa = PBXContainerItemProxy;
			containerPortal = 882E3D102FDA101000506904 /* Project object */;
			proxyType = 1;
			remoteGlobalIDString = 882E3D172FDA101000506904;
			remoteInfo = UniversitiesBrowser;
		};
		882E3D302FDA101C00506904 /* PBXContainerItemProxy */ = {
			isa = PBXContainerItemProxy;
			containerPortal = 882E3D102FDA101000506904 /* Project object */;
			proxyType = 1;
			remoteGlobalIDString = 882E3D172FDA101000506904;
			remoteInfo = UniversitiesBrowser;
		};
/* End PBXContainerItemProxy section */

/* Begin PBXFileReference section */
		882E3D182FDA101000506904 /* UniversitiesBrowser.app */ = {isa = PBXFileReference; explicitFileType = wrapper.application; includeInIndex = 0; path = UniversitiesBrowser.app; sourceTree = BUILT_PRODUCTS_DIR; };
		882E3D252FDA101C00506904 /* UniversitiesBrowserTests.xctest */ = {isa = PBXFileReference; explicitFileType = wrapper.cfbundle; includeInIndex = 0; path = UniversitiesBrowserTests.xctest; sourceTree = BUILT_PRODUCTS_DIR; };
		882E3D2F2FDA101C00506904 /* UniversitiesBrowserUITests.xctest */ = {isa = PBXFileReference; explicitFileType = wrapper.cfbundle; includeInIndex = 0; path = UniversitiesBrowserUITests.xctest; sourceTree = BUILT_PRODUCTS_DIR; };
/* End PBXFileReference section */

/* Begin PBXFileSystemSynchronizedBuildFileExceptionSet section */
		88276BC12FDC4FA3003AA9DF /* Exceptions for "UniversitiesBrowser" folder in "UniversitiesBrowser" target */ = {
			isa = PBXFileSystemSynchronizedBuildFileExceptionSet;
			membershipExceptions = (
				Info.plist,
			);
			target = 882E3D172FDA101000506904 /* UniversitiesBrowser */;
		};
/* End PBXFileSystemSynchronizedBuildFileExceptionSet section */

/* Begin PBXFileSystemSynchronizedRootGroup section */
		882E3D1A2FDA101000506904 /* UniversitiesBrowser */ = {
			isa = PBXFileSystemSynchronizedRootGroup;
			exceptions = (
				88276BC12FDC4FA3003AA9DF /* Exceptions for "UniversitiesBrowser" folder in "UniversitiesBrowser" target */,
			);
			path = UniversitiesBrowser;
			sourceTree = "<group>";
		};
		882E3D282FDA101C00506904 /* UniversitiesBrowserTests */ = {
			isa = PBXFileSystemSynchronizedRootGroup;
			path = UniversitiesBrowserTests;
			sourceTree = "<group>";
		};
		882E3D322FDA101C00506904 /* UniversitiesBrowserUITests */ = {
			isa = PBXFileSystemSynchronizedRootGroup;
			path = UniversitiesBrowserUITests;
			sourceTree = "<group>";
		};
/* End PBXFileSystemSynchronizedRootGroup section */

/* Begin PBXFrameworksBuildPhase section */
		882E3D152FDA101000506904 /* Frameworks */ = {
			isa = PBXFrameworksBuildPhase;
			buildActionMask = 2147483647;
			files = (
				88276BBF2FDC4C8F003AA9DF /* DetailsFeature in Frameworks */,
				88276BB92FDC4C82003AA9DF /* CommonUI in Frameworks */,
				88276BBD2FDC4C8B003AA9DF /* ListingFeature in Frameworks */,
				88276BBB2FDC4C87003AA9DF /* DomainKit in Frameworks */,
				88276BB52FDC4C46003AA9DF /* NetworkKit in Frameworks */,
				88276BB72FDC4C7D003AA9DF /* PersistenceKit in Frameworks */,
			);
			runOnlyForDeploymentPostprocessing = 0;
		};
		882E3D222FDA101C00506904 /* Frameworks */ = {
			isa = PBXFrameworksBuildPhase;
			buildActionMask = 2147483647;
			files = (
			);
			runOnlyForDeploymentPostprocessing = 0;
		};
		882E3D2C2FDA101C00506904 /* Frameworks */ = {
			isa = PBXFrameworksBuildPhase;
			buildActionMask = 2147483647;
			files = (
			);
			runOnlyForDeploymentPostprocessing = 0;
		};
/* End PBXFrameworksBuildPhase section */

/* Begin PBXGroup section */
		88276BB32FDC4C46003AA9DF /* Frameworks */ = {
			isa = PBXGroup;
			children = (
			);
			name = Frameworks;
			sourceTree = "<group>";
		};
		882E3D0F2FDA101000506904 = {
			isa = PBXGroup;
			children = (
				882E3D1A2FDA101000506904 /* UniversitiesBrowser */,
				882E3D282FDA101C00506904 /* UniversitiesBrowserTests */,
				882E3D322FDA101C00506904 /* UniversitiesBrowserUITests */,
				88276BB32FDC4C46003AA9DF /* Frameworks */,
				882E3D192FDA101000506904 /* Products */,
			);
			sourceTree = "<group>";
		};
		882E3D192FDA101000506904 /* Products */ = {
			isa = PBXGroup;
			children = (
				882E3D182FDA101000506904 /* UniversitiesBrowser.app */,
				882E3D252FDA101C00506904 /* UniversitiesBrowserTests.xctest */,
				882E3D2F2FDA101C00506904 /* UniversitiesBrowserUITests.xctest */,
			);
			name = Products;
			sourceTree = "<group>";
		};
/* End PBXGroup section */

/* Begin PBXNativeTarget section */
		882E3D172FDA101000506904 /* UniversitiesBrowser */ = {
			isa = PBXNativeTarget;
			buildConfigurationList = 882E3D392FDA101C00506904 /* Build configuration list for PBXNativeTarget "UniversitiesBrowser" */;
			buildPhases = (
				882E3D142FDA101000506904 /* Sources */,
				882E3D152FDA101000506904 /* Frameworks */,
				882E3D162FDA101000506904 /* Resources */,
			);
			buildRules = (
			);
			dependencies = (
			);
			fileSystemSynchronizedGroups = (
				882E3D1A2FDA101000506904 /* UniversitiesBrowser */,
			);
			name = UniversitiesBrowser;
			packageProductDependencies = (
				88276BB42FDC4C46003AA9DF /* NetworkKit */,
				88276BB62FDC4C7D003AA9DF /* PersistenceKit */,
				88276BB82FDC4C82003AA9DF /* CommonUI */,
				88276BBA2FDC4C87003AA9DF /* DomainKit */,
				88276BBC2FDC4C8B003AA9DF /* ListingFeature */,
				88276BBE2FDC4C8F003AA9DF /* DetailsFeature */,
			);
			productName = UniversitiesBrowser;
			productReference = 882E3D182FDA101000506904 /* UniversitiesBrowser.app */;
			productType = "com.apple.product-type.application";
		};
		882E3D242FDA101C00506904 /* UniversitiesBrowserTests */ = {
			isa = PBXNativeTarget;
			buildConfigurationList = 882E3D3C2FDA101C00506904 /* Build configuration list for PBXNativeTarget "UniversitiesBrowserTests" */;
			buildPhases = (
				882E3D212FDA101C00506904 /* Sources */,
				882E3D222FDA101C00506904 /* Frameworks */,
				882E3D232FDA101C00506904 /* Resources */,
			);
			buildRules = (
			);
			dependencies = (
				882E3D272FDA101C00506904 /* PBXTargetDependency */,
			);
			fileSystemSynchronizedGroups = (
				882E3D282FDA101C00506904 /* UniversitiesBrowserTests */,
			);
			name = UniversitiesBrowserTests;
			packageProductDependencies = (
			);
			productName = UniversitiesBrowserTests;
			productReference = 882E3D252FDA101C00506904 /* UniversitiesBrowserTests.xctest */;
			productType = "com.apple.product-type.bundle.unit-test";
		};
		882E3D2E2FDA101C00506904 /* UniversitiesBrowserUITests */ = {
			isa = PBXNativeTarget;
			buildConfigurationList = 882E3D3F2FDA101C00506904 /* Build configuration list for PBXNativeTarget "UniversitiesBrowserUITests" */;
			buildPhases = (
				882E3D2B2FDA101C00506904 /* Sources */,
				882E3D2C2FDA101C00506904 /* Frameworks */,
				882E3D2D2FDA101C00506904 /* Resources */,
			);
			buildRules = (
			);
			dependencies = (
				882E3D312FDA101C00506904 /* PBXTargetDependency */,
			);
			fileSystemSynchronizedGroups = (
				882E3D322FDA101C00506904 /* UniversitiesBrowserUITests */,
			);
			name = UniversitiesBrowserUITests;
			packageProductDependencies = (
			);
			productName = UniversitiesBrowserUITests;
			productReference = 882E3D2F2FDA101C00506904 /* UniversitiesBrowserUITests.xctest */;
			productType = "com.apple.product-type.bundle.ui-testing";
		};
/* End PBXNativeTarget section */

/* Begin PBXProject section */
		882E3D102FDA101000506904 /* Project object */ = {
			isa = PBXProject;
			attributes = {
				BuildIndependentTargetsInParallel = 1;
				LastSwiftUpdateCheck = 2630;
				LastUpgradeCheck = 2630;
				TargetAttributes = {
					882E3D172FDA101000506904 = {
						CreatedOnToolsVersion = 26.3;
					};
					882E3D242FDA101C00506904 = {
						CreatedOnToolsVersion = 26.3;
						TestTargetID = 882E3D172FDA101000506904;
					};
					882E3D2E2FDA101C00506904 = {
						CreatedOnToolsVersion = 26.3;
						TestTargetID = 882E3D172FDA101000506904;
					};
				};
			};
			buildConfigurationList = 882E3D132FDA101000506904 /* Build configuration list for PBXProject "UniversitiesBrowser" */;
			developmentRegion = en;
			hasScannedForEncodings = 0;
			knownRegions = (
				en,
				Base,
			);
			mainGroup = 882E3D0F2FDA101000506904;
			minimizedProjectReferenceProxies = 1;
			packageReferences = (
				882E54362FDB214600506904 /* XCLocalSwiftPackageReference "Packages/PersistenceKit" */,
				882E545B2FDB22C200506904 /* XCLocalSwiftPackageReference "Packages/CommonUI" */,
				882E54632FDB22E000506904 /* XCLocalSwiftPackageReference "Packages/NetworkKit" */,
				882E54642FDB230500506904 /* XCLocalSwiftPackageReference "Packages/DomainKit" */,
				882E54652FDB231700506904 /* XCLocalSwiftPackageReference "Packages/ListingFeature" */,
				882E54662FDB232900506904 /* XCLocalSwiftPackageReference "Packages/DetailsFeature" */,
			);
			preferredProjectObjectVersion = 77;
			productRefGroup = 882E3D192FDA101000506904 /* Products */;
			projectDirPath = "";
			projectRoot = "";
			targets = (
				882E3D172FDA101000506904 /* UniversitiesBrowser */,
				882E3D242FDA101C00506904 /* UniversitiesBrowserTests */,
				882E3D2E2FDA101C00506904 /* UniversitiesBrowserUITests */,
			);
		};
/* End PBXProject section */

/* Begin PBXResourcesBuildPhase section */
		882E3D162FDA101000506904 /* Resources */ = {
			isa = PBXResourcesBuildPhase;
			buildActionMask = 2147483647;
			files = (
			);
			runOnlyForDeploymentPostprocessing = 0;
		};
		882E3D232FDA101C00506904 /* Resources */ = {
			isa = PBXResourcesBuildPhase;
			buildActionMask = 2147483647;
			files = (
			);
			runOnlyForDeploymentPostprocessing = 0;
		};
		882E3D2D2FDA101C00506904 /* Resources */ = {
			isa = PBXResourcesBuildPhase;
			buildActionMask = 2147483647;
			files = (
			);
			runOnlyForDeploymentPostprocessing = 0;
		};
/* End PBXResourcesBuildPhase section */

/* Begin PBXSourcesBuildPhase section */
		882E3D142FDA101000506904 /* Sources */ = {
			isa = PBXSourcesBuildPhase;
			buildActionMask = 2147483647;
			files = (
			);
			runOnlyForDeploymentPostprocessing = 0;
		};
		882E3D212FDA101C00506904 /* Sources */ = {
			isa = PBXSourcesBuildPhase;
			buildActionMask = 2147483647;
			files = (
			);
			runOnlyForDeploymentPostprocessing = 0;
		};
		882E3D2B2FDA101C00506904 /* Sources */ = {
			isa = PBXSourcesBuildPhase;
			buildActionMask = 2147483647;
			files = (
			);
			runOnlyForDeploymentPostprocessing = 0;
		};
/* End PBXSourcesBuildPhase section */

/* Begin PBXTargetDependency section */
		882E3D272FDA101C00506904 /* PBXTargetDependency */ = {
			isa = PBXTargetDependency;
			target = 882E3D172FDA101000506904 /* UniversitiesBrowser */;
			targetProxy = 882E3D262FDA101C00506904 /* PBXContainerItemProxy */;
		};
		882E3D312FDA101C00506904 /* PBXTargetDependency */ = {
			isa = PBXTargetDependency;
			target = 882E3D172FDA101000506904 /* UniversitiesBrowser */;
			targetProxy = 882E3D302FDA101C00506904 /* PBXContainerItemProxy */;
		};
/* End PBXTargetDependency section */

/* Begin XCBuildConfiguration section */
		882E3D372FDA101C00506904 /* Debug */ = {
			isa = XCBuildConfiguration;
			buildSettings = {
				ALWAYS_SEARCH_USER_PATHS = NO;
				ASSETCATALOG_COMPILER_GENERATE_SWIFT_ASSET_SYMBOL_EXTENSIONS = YES;
				CLANG_ANALYZER_NONNULL = YES;
				CLANG_ANALYZER_NUMBER_OBJECT_CONVERSION = YES_AGGRESSIVE;
				CLANG_CXX_LANGUAGE_STANDARD = "gnu++20";
				CLANG_ENABLE_MODULES = YES;
				CLANG_ENABLE_OBJC_ARC = YES;
				CLANG_ENABLE_OBJC_WEAK = YES;
				CLANG_WARN_BLOCK_CAPTURE_AUTORELEASING = YES;
				CLANG_WARN_BOOL_CONVERSION = YES;
				CLANG_WARN_COMMA = YES;
				CLANG_WARN_CONSTANT_CONVERSION = YES;
				CLANG_WARN_DEPRECATED_OBJC_IMPLEMENTATIONS = YES;
				CLANG_WARN_DIRECT_OBJC_ISA_USAGE = YES_ERROR;
				CLANG_WARN_DOCUMENTATION_COMMENTS = YES;
				CLANG_WARN_EMPTY_BODY = YES;
				CLANG_WARN_ENUM_CONVERSION = YES;
				CLANG_WARN_INFINITE_RECURSION = YES;
				CLANG_WARN_INT_CONVERSION = YES;
				CLANG_WARN_NON_LITERAL_NULL_CONVERSION = YES;
				CLANG_WARN_OBJC_IMPLICIT_RETAIN_SELF = YES;
				CLANG_WARN_OBJC_LITERAL_CONVERSION = YES;
				CLANG_WARN_OBJC_ROOT_CLASS = YES_ERROR;
				CLANG_WARN_QUOTED_INCLUDE_IN_FRAMEWORK_HEADER = YES;
				CLANG_WARN_RANGE_LOOP_ANALYSIS = YES;
				CLANG_WARN_STRICT_PROTOTYPES = YES;
				CLANG_WARN_SUSPICIOUS_MOVE = YES;
				CLANG_WARN_UNGUARDED_AVAILABILITY = YES_AGGRESSIVE;
				CLANG_WARN_UNREACHABLE_CODE = YES;
				CLANG_WARN__DUPLICATE_METHOD_MATCH = YES;
				COPY_PHASE_STRIP = NO;
				DEBUG_INFORMATION_FORMAT = dwarf;
				ENABLE_STRICT_OBJC_MSGSEND = YES;
				ENABLE_TESTABILITY = YES;
				ENABLE_USER_SCRIPT_SANDBOXING = YES;
				GCC_C_LANGUAGE_STANDARD = gnu17;
				GCC_DYNAMIC_NO_PIC = NO;
				GCC_NO_COMMON_BLOCKS = YES;
				GCC_OPTIMIZATION_LEVEL = 0;
				GCC_PREPROCESSOR_DEFINITIONS = (
					"DEBUG=1",
					"$(inherited)",
				);
				GCC_WARN_64_TO_32_BIT_CONVERSION = YES;
				GCC_WARN_ABOUT_RETURN_TYPE = YES_ERROR;
				GCC_WARN_UNDECLARED_SELECTOR = YES;
				GCC_WARN_UNINITIALIZED_AUTOS = YES_AGGRESSIVE;
				GCC_WARN_UNUSED_FUNCTION = YES;
				GCC_WARN_UNUSED_VARIABLE = YES;
				IPHONEOS_DEPLOYMENT_TARGET = 26.2;
				LOCALIZATION_PREFERS_STRING_CATALOGS = YES;
				MTL_ENABLE_DEBUG_INFO = INCLUDE_SOURCE;
				MTL_FAST_MATH = YES;
				ONLY_ACTIVE_ARCH = YES;
				SDKROOT = iphoneos;
				SWIFT_ACTIVE_COMPILATION_CONDITIONS = "DEBUG $(inherited)";
				SWIFT_OPTIMIZATION_LEVEL = "-Onone";
			};
			name = Debug;
		};
		882E3D382FDA101C00506904 /* Release */ = {
			isa = XCBuildConfiguration;
			buildSettings = {
				ALWAYS_SEARCH_USER_PATHS = NO;
				ASSETCATALOG_COMPILER_GENERATE_SWIFT_ASSET_SYMBOL_EXTENSIONS = YES;
				CLANG_ANALYZER_NONNULL = YES;
				CLANG_ANALYZER_NUMBER_OBJECT_CONVERSION = YES_AGGRESSIVE;
				CLANG_CXX_LANGUAGE_STANDARD = "gnu++20";
				CLANG_ENABLE_MODULES = YES;
				CLANG_ENABLE_OBJC_ARC = YES;
				CLANG_ENABLE_OBJC_WEAK = YES;
				CLANG_WARN_BLOCK_CAPTURE_AUTORELEASING = YES;
				CLANG_WARN_BOOL_CONVERSION = YES;
				CLANG_WARN_COMMA = YES;
				CLANG_WARN_CONSTANT_CONVERSION = YES;
				CLANG_WARN_DEPRECATED_OBJC_IMPLEMENTATIONS = YES;
				CLANG_WARN_DIRECT_OBJC_ISA_USAGE = YES_ERROR;
				CLANG_WARN_DOCUMENTATION_COMMENTS = YES;
				CLANG_WARN_EMPTY_BODY = YES;
				CLANG_WARN_ENUM_CONVERSION = YES;
				CLANG_WARN_INFINITE_RECURSION = YES;
				CLANG_WARN_INT_CONVERSION = YES;
				CLANG_WARN_NON_LITERAL_NULL_CONVERSION = YES;
				CLANG_WARN_OBJC_IMPLICIT_RETAIN_SELF = YES;
				CLANG_WARN_OBJC_LITERAL_CONVERSION = YES;
				CLANG_WARN_OBJC_ROOT_CLASS = YES_ERROR;
				CLANG_WARN_QUOTED_INCLUDE_IN_FRAMEWORK_HEADER = YES;
				CLANG_WARN_RANGE_LOOP_ANALYSIS = YES;
				CLANG_WARN_STRICT_PROTOTYPES = YES;
				CLANG_WARN_SUSPICIOUS_MOVE = YES;
				CLANG_WARN_UNGUARDED_AVAILABILITY = YES_AGGRESSIVE;
				CLANG_WARN_UNREACHABLE_CODE = YES;
				CLANG_WARN__DUPLICATE_METHOD_MATCH = YES;
				COPY_PHASE_STRIP = NO;
				DEBUG_INFORMATION_FORMAT = "dwarf-with-dsym";
				ENABLE_NS_ASSERTIONS = NO;
				ENABLE_STRICT_OBJC_MSGSEND = YES;
				ENABLE_USER_SCRIPT_SANDBOXING = YES;
				GCC_C_LANGUAGE_STANDARD = gnu17;
				GCC_NO_COMMON_BLOCKS = YES;
				GCC_WARN_64_TO_32_BIT_CONVERSION = YES;
				GCC_WARN_ABOUT_RETURN_TYPE = YES_ERROR;
				GCC_WARN_UNDECLARED_SELECTOR = YES;
				GCC_WARN_UNINITIALIZED_AUTOS = YES_AGGRESSIVE;
				GCC_WARN_UNUSED_FUNCTION = YES;
				GCC_WARN_UNUSED_VARIABLE = YES;
				IPHONEOS_DEPLOYMENT_TARGET = 26.2;
				LOCALIZATION_PREFERS_STRING_CATALOGS = YES;
				MTL_ENABLE_DEBUG_INFO = NO;
				MTL_FAST_MATH = YES;
				SDKROOT = iphoneos;
				SWIFT_COMPILATION_MODE = wholemodule;
				VALIDATE_PRODUCT = YES;
			};
			name = Release;
		};
		882E3D3A2FDA101C00506904 /* Debug */ = {
			isa = XCBuildConfiguration;
			buildSettings = {
				ASSETCATALOG_COMPILER_APPICON_NAME = AppIcon;
				ASSETCATALOG_COMPILER_GLOBAL_ACCENT_COLOR_NAME = AccentColor;
				CODE_SIGN_STYLE = Automatic;
				CURRENT_PROJECT_VERSION = 1;
				ENABLE_PREVIEWS = YES;
				GENERATE_INFOPLIST_FILE = YES;
				INFOPLIST_FILE = UniversitiesBrowser/Info.plist;
				INFOPLIST_KEY_UIApplicationSceneManifest_Generation = YES;
				INFOPLIST_KEY_UIApplicationSupportsIndirectInputEvents = YES;
				INFOPLIST_KEY_UILaunchScreen_Generation = YES;
				INFOPLIST_KEY_UISupportedInterfaceOrientations_iPad = "UIInterfaceOrientationPortrait UIInterfaceOrientationPortraitUpsideDown UIInterfaceOrientationLandscapeLeft UIInterfaceOrientationLandscapeRight";
				INFOPLIST_KEY_UISupportedInterfaceOrientations_iPhone = "UIInterfaceOrientationPortrait UIInterfaceOrientationLandscapeLeft UIInterfaceOrientationLandscapeRight";
				LD_RUNPATH_SEARCH_PATHS = (
					"$(inherited)",
					"@executable_path/Frameworks",
				);
				MARKETING_VERSION = 1.0;
				PRODUCT_BUNDLE_IDENTIFIER = com.salma.UniversitiesBrowser;
				PRODUCT_NAME = "$(TARGET_NAME)";
				STRING_CATALOG_GENERATE_SYMBOLS = YES;
				SWIFT_APPROACHABLE_CONCURRENCY = YES;
				SWIFT_DEFAULT_ACTOR_ISOLATION = MainActor;
				SWIFT_EMIT_LOC_STRINGS = YES;
				SWIFT_UPCOMING_FEATURE_MEMBER_IMPORT_VISIBILITY = YES;
				SWIFT_VERSION = 5.0;
				TARGETED_DEVICE_FAMILY = "1,2";
			};
			name = Debug;
		};
		882E3D3B2FDA101C00506904 /* Release */ = {
			isa = XCBuildConfiguration;
			buildSettings = {
				ASSETCATALOG_COMPILER_APPICON_NAME = AppIcon;
				ASSETCATALOG_COMPILER_GLOBAL_ACCENT_COLOR_NAME = AccentColor;
				CODE_SIGN_STYLE = Automatic;
				CURRENT_PROJECT_VERSION = 1;
				ENABLE_PREVIEWS = YES;
				GENERATE_INFOPLIST_FILE = YES;
				INFOPLIST_FILE = UniversitiesBrowser/Info.plist;
				INFOPLIST_KEY_UIApplicationSceneManifest_Generation = YES;
				INFOPLIST_KEY_UIApplicationSupportsIndirectInputEvents = YES;
				INFOPLIST_KEY_UILaunchScreen_Generation = YES;
				INFOPLIST_KEY_UISupportedInterfaceOrientations_iPad = "UIInterfaceOrientationPortrait UIInterfaceOrientationPortraitUpsideDown UIInterfaceOrientationLandscapeLeft UIInterfaceOrientationLandscapeRight";
				INFOPLIST_KEY_UISupportedInterfaceOrientations_iPhone = "UIInterfaceOrientationPortrait UIInterfaceOrientationLandscapeLeft UIInterfaceOrientationLandscapeRight";
				LD_RUNPATH_SEARCH_PATHS = (
					"$(inherited)",
					"@executable_path/Frameworks",
				);
				MARKETING_VERSION = 1.0;
				PRODUCT_BUNDLE_IDENTIFIER = com.salma.UniversitiesBrowser;
				PRODUCT_NAME = "$(TARGET_NAME)";
				STRING_CATALOG_GENERATE_SYMBOLS = YES;
				SWIFT_APPROACHABLE_CONCURRENCY = YES;
				SWIFT_DEFAULT_ACTOR_ISOLATION = MainActor;
				SWIFT_EMIT_LOC_STRINGS = YES;
				SWIFT_UPCOMING_FEATURE_MEMBER_IMPORT_VISIBILITY = YES;
				SWIFT_VERSION = 5.0;
				TARGETED_DEVICE_FAMILY = "1,2";
			};
			name = Release;
		};
		882E3D3D2FDA101C00506904 /* Debug */ = {
			isa = XCBuildConfiguration;
			buildSettings = {
				BUNDLE_LOADER = "$(TEST_HOST)";
				CODE_SIGN_STYLE = Automatic;
				CURRENT_PROJECT_VERSION = 1;
				GENERATE_INFOPLIST_FILE = YES;
				IPHONEOS_DEPLOYMENT_TARGET = 26.2;
				MARKETING_VERSION = 1.0;
				PRODUCT_BUNDLE_IDENTIFIER = com.salma.UniversitiesBrowserTests;
				PRODUCT_NAME = "$(TARGET_NAME)";
				STRING_CATALOG_GENERATE_SYMBOLS = NO;
				SWIFT_APPROACHABLE_CONCURRENCY = YES;
				SWIFT_EMIT_LOC_STRINGS = NO;
				SWIFT_UPCOMING_FEATURE_MEMBER_IMPORT_VISIBILITY = YES;
				SWIFT_VERSION = 5.0;
				TARGETED_DEVICE_FAMILY = "1,2";
				TEST_HOST = "$(BUILT_PRODUCTS_DIR)/UniversitiesBrowser.app/$(BUNDLE_EXECUTABLE_FOLDER_PATH)/UniversitiesBrowser";
			};
			name = Debug;
		};
		882E3D3E2FDA101C00506904 /* Release */ = {
			isa = XCBuildConfiguration;
			buildSettings = {
				BUNDLE_LOADER = "$(TEST_HOST)";
				CODE_SIGN_STYLE = Automatic;
				CURRENT_PROJECT_VERSION = 1;
				GENERATE_INFOPLIST_FILE = YES;
				IPHONEOS_DEPLOYMENT_TARGET = 26.2;
				MARKETING_VERSION = 1.0;
				PRODUCT_BUNDLE_IDENTIFIER = com.salma.UniversitiesBrowserTests;
				PRODUCT_NAME = "$(TARGET_NAME)";
				STRING_CATALOG_GENERATE_SYMBOLS = NO;
				SWIFT_APPROACHABLE_CONCURRENCY = YES;
				SWIFT_EMIT_LOC_STRINGS = NO;
				SWIFT_UPCOMING_FEATURE_MEMBER_IMPORT_VISIBILITY = YES;
				SWIFT_VERSION = 5.0;
				TARGETED_DEVICE_FAMILY = "1,2";
				TEST_HOST = "$(BUILT_PRODUCTS_DIR)/UniversitiesBrowser.app/$(BUNDLE_EXECUTABLE_FOLDER_PATH)/UniversitiesBrowser";
			};
			name = Release;
		};
		882E3D402FDA101C00506904 /* Debug */ = {
			isa = XCBuildConfiguration;
			buildSettings = {
				CODE_SIGN_STYLE = Automatic;
				CURRENT_PROJECT_VERSION = 1;
				GENERATE_INFOPLIST_FILE = YES;
				MARKETING_VERSION = 1.0;
				PRODUCT_BUNDLE_IDENTIFIER = com.salma.UniversitiesBrowserUITests;
				PRODUCT_NAME = "$(TARGET_NAME)";
				STRING_CATALOG_GENERATE_SYMBOLS = NO;
				SWIFT_APPROACHABLE_CONCURRENCY = YES;
				SWIFT_EMIT_LOC_STRINGS = NO;
				SWIFT_UPCOMING_FEATURE_MEMBER_IMPORT_VISIBILITY = YES;
				SWIFT_VERSION = 5.0;
				TARGETED_DEVICE_FAMILY = "1,2";
				TEST_TARGET_NAME = UniversitiesBrowser;
			};
			name = Debug;
		};
		882E3D412FDA101C00506904 /* Release */ = {
			isa = XCBuildConfiguration;
			buildSettings = {
				CODE_SIGN_STYLE = Automatic;
				CURRENT_PROJECT_VERSION = 1;
				GENERATE_INFOPLIST_FILE = YES;
				MARKETING_VERSION = 1.0;
				PRODUCT_BUNDLE_IDENTIFIER = com.salma.UniversitiesBrowserUITests;
				PRODUCT_NAME = "$(TARGET_NAME)";
				STRING_CATALOG_GENERATE_SYMBOLS = NO;
				SWIFT_APPROACHABLE_CONCURRENCY = YES;
				SWIFT_EMIT_LOC_STRINGS = NO;
				SWIFT_UPCOMING_FEATURE_MEMBER_IMPORT_VISIBILITY = YES;
				SWIFT_VERSION = 5.0;
				TARGETED_DEVICE_FAMILY = "1,2";
				TEST_TARGET_NAME = UniversitiesBrowser;
			};
			name = Release;
		};
/* End XCBuildConfiguration section */

/* Begin XCConfigurationList section */
		882E3D132FDA101000506904 /* Build configuration list for PBXProject "UniversitiesBrowser" */ = {
			isa = XCConfigurationList;
			buildConfigurations = (
				882E3D372FDA101C00506904 /* Debug */,
				882E3D382FDA101C00506904 /* Release */,
			);
			defaultConfigurationIsVisible = 0;
			defaultConfigurationName = Release;
		};
		882E3D392FDA101C00506904 /* Build configuration list for PBXNativeTarget "UniversitiesBrowser" */ = {
			isa = XCConfigurationList;
			buildConfigurations = (
				882E3D3A2FDA101C00506904 /* Debug */,
				882E3D3B2FDA101C00506904 /* Release */,
			);
			defaultConfigurationIsVisible = 0;
			defaultConfigurationName = Release;
		};
		882E3D3C2FDA101C00506904 /* Build configuration list for PBXNativeTarget "UniversitiesBrowserTests" */ = {
			isa = XCConfigurationList;
			buildConfigurations = (
				882E3D3D2FDA101C00506904 /* Debug */,
				882E3D3E2FDA101C00506904 /* Release */,
			);
			defaultConfigurationIsVisible = 0;
			defaultConfigurationName = Release;
		};
		882E3D3F2FDA101C00506904 /* Build configuration list for PBXNativeTarget "UniversitiesBrowserUITests" */ = {
			isa = XCConfigurationList;
			buildConfigurations = (
				882E3D402FDA101C00506904 /* Debug */,
				882E3D412FDA101C00506904 /* Release */,
			);
			defaultConfigurationIsVisible = 0;
			defaultConfigurationName = Release;
		};
/* End XCConfigurationList section */

/* Begin XCLocalSwiftPackageReference section */
		882E54362FDB214600506904 /* XCLocalSwiftPackageReference "Packages/PersistenceKit" */ = {
			isa = XCLocalSwiftPackageReference;
			relativePath = Packages/PersistenceKit;
		};
		882E545B2FDB22C200506904 /* XCLocalSwiftPackageReference "Packages/CommonUI" */ = {
			isa = XCLocalSwiftPackageReference;
			relativePath = Packages/CommonUI;
		};
		882E54632FDB22E000506904 /* XCLocalSwiftPackageReference "Packages/NetworkKit" */ = {
			isa = XCLocalSwiftPackageReference;
			relativePath = Packages/NetworkKit;
		};
		882E54642FDB230500506904 /* XCLocalSwiftPackageReference "Packages/DomainKit" */ = {
			isa = XCLocalSwiftPackageReference;
			relativePath = Packages/DomainKit;
		};
		882E54652FDB231700506904 /* XCLocalSwiftPackageReference "Packages/ListingFeature" */ = {
			isa = XCLocalSwiftPackageReference;
			relativePath = Packages/ListingFeature;
		};
		882E54662FDB232900506904 /* XCLocalSwiftPackageReference "Packages/DetailsFeature" */ = {
			isa = XCLocalSwiftPackageReference;
			relativePath = Packages/DetailsFeature;
		};
/* End XCLocalSwiftPackageReference section */

/* Begin XCSwiftPackageProductDependency section */
		88276BB42FDC4C46003AA9DF /* NetworkKit */ = {
			isa = XCSwiftPackageProductDependency;
			package = 882E54632FDB22E000506904 /* XCLocalSwiftPackageReference "Packages/NetworkKit" */;
			productName = NetworkKit;
		};
		88276BB62FDC4C7D003AA9DF /* PersistenceKit */ = {
			isa = XCSwiftPackageProductDependency;
			package = 882E54362FDB214600506904 /* XCLocalSwiftPackageReference "Packages/PersistenceKit" */;
			productName = PersistenceKit;
		};
		88276BB82FDC4C82003AA9DF /* CommonUI */ = {
			isa = XCSwiftPackageProductDependency;
			package = 882E545B2FDB22C200506904 /* XCLocalSwiftPackageReference "Packages/CommonUI" */;
			productName = CommonUI;
		};
		88276BBA2FDC4C87003AA9DF /* DomainKit */ = {
			isa = XCSwiftPackageProductDependency;
			package = 882E54642FDB230500506904 /* XCLocalSwiftPackageReference "Packages/DomainKit" */;
			productName = DomainKit;
		};
		88276BBC2FDC4C8B003AA9DF /* ListingFeature */ = {
			isa = XCSwiftPackageProductDependency;
			package = 882E54652FDB231700506904 /* XCLocalSwiftPackageReference "Packages/ListingFeature" */;
			productName = ListingFeature;
		};
		88276BBE2FDC4C8F003AA9DF /* DetailsFeature */ = {
			isa = XCSwiftPackageProductDependency;
			package = 882E54662FDB232900506904 /* XCLocalSwiftPackageReference "Packages/DetailsFeature" */;
			productName = DetailsFeature;
		};
/* End XCSwiftPackageProductDependency section */
	};
	rootObject = 882E3D102FDA101000506904 /* Project object */;
}
